
Microsoft Visual Studio Solution File, Format Version 12.00
# Visual Studio Version 17
VisualStudioVersion = 17.8.34408.163
MinimumVisualStudioVersion = 10.0.40219.1
Project("{8BC9CEB8-8B4A-11D0-8D11-00A0C91BC942}") = "ginkgo-engine", "ginkgo-engine.vcxproj", "{330872DA-1CB6-49E4-AD6E-5859F4EF6E07}"
EndProject
Global
	GlobalSection(SolutionConfigurationPlatforms) = preSolution
		Debug|x64 = Debug|x64
		Release|x64 = Release|x64
	EndGlobalSection
	GlobalSection(ProjectConfigurationPlatforms) = postSolution
		{330872DA-1CB6-49E4-AD6E-5859F4EF6E07}.Debug|x64.ActiveCfg = Debug|x64
		{330872DA-1CB6-49E4-AD6E-5859F4EF6E07}.Debug|x64.Build.0 = Debug|x64
		{330872DA-1CB6-49E4-AD6E-5859F4EF6E07}.Release|x64.ActiveCfg = Release|x64
		{330872DA-1CB6-49E4-AD6E-5859F4EF6E07}.Release|x64.Build.0 = Release|x64
	EndGlobalSection
	GlobalSection(SolutionProperties) = preSolution
		HideSolutionNode = FALSE
	EndGlobalSection
	GlobalSection(ExtensibilityGlobals) = postSolution
		SolutionGuid = {C34A58CD-9426-400A-BE58-332D06462DB5}
	EndGlobalSection
EndGlobal
