<?xml version="1.0" encoding="utf-8"?>
<Project ToolsVersion="4.0" xmlns="http://schemas.microsoft.com/developer/msbuild/2003">
  <ItemGroup>
    <Filter Include="Source Files">
      <UniqueIdentifier>{4FC737F1-C7A5-4376-A066-2A32D752A2FF}</UniqueIdentifier>
      <Extensions>cpp;c;cc;cxx;c++;cppm;ixx;def;odl;idl;hpj;bat;asm;asmx</Extensions>
    </Filter>
    <Filter Include="Header Files">
      <UniqueIdentifier>{93995380-89BD-4b04-88EB-625FBE52EBFB}</UniqueIdentifier>
      <Extensions>h;hh;hpp;hxx;h++;hm;inl;inc;ipp;xsd</Extensions>
    </Filter>
    <Filter Include="Resource Files">
      <UniqueIdentifier>{67DA6AB6-F800-4c08-8B7A-83BB121AAD01}</UniqueIdentifier>
      <Extensions>rc;ico;cur;bmp;dlg;rc2;rct;bin;rgs;gif;jpg;jpeg;jpe;resx;tiff;tif;png;wav;mfcribbon-ms</Extensions>
    </Filter>
    <Filter Include="Header Files\imgui">
      <UniqueIdentifier>{3323f8d3-80bb-4c01-9b07-ada359298285}</UniqueIdentifier>
    </Filter>
    <Filter Include="Source Files\imgui">
      <UniqueIdentifier>{8374efdf-fc73-4871-b777-cb95f190fc2d}</UniqueIdentifier>
    </Filter>
    <Filter Include="Header Files\BehaviorTree">
      <UniqueIdentifier>{65f0cca1-55a4-4e51-8013-bfb9a3e8c4e1}</UniqueIdentifier>
    </Filter>
    <Filter Include="Source Files\BehaviorTree">
      <UniqueIdentifier>{c7fda670-938a-4917-9f64-ee8d008871f9}</UniqueIdentifier>
    </Filter>
    <Filter Include="Header Files\GameStateManagement">
      <UniqueIdentifier>{e5887b50-9707-4634-b522-99f697373c21}</UniqueIdentifier>
    </Filter>
    <Filter Include="Source Files\GameStateManagement">
      <UniqueIdentifier>{d5d778c6-7a1d-4baa-8f1f-e701fac4d4be}</UniqueIdentifier>
    </Filter>
  </ItemGroup>
  <ItemGroup>
    <ClCompile Include="ginkgopch.cpp">
      <Filter>Source Files</Filter>
    </ClCompile>
    <ClCompile Include="main.cpp">
      <Filter>Source Files</Filter>
    </ClCompile>
    <ClCompile Include="mesh.cpp">
      <Filter>Source Files</Filter>
    </ClCompile>
    <ClCompile Include="scene.cpp">
      <Filter>Source Files</Filter>
    </ClCompile>
    <ClCompile Include="shader.cpp">
      <Filter>Source Files</Filter>
    </ClCompile>
    <ClCompile Include="window.cpp">
      <Filter>Source Files</Filter>
    </ClCompile>
    <ClCompile Include="shape.cpp">
      <Filter>Source Files</Filter>
    </ClCompile>
    <ClCompile Include="AssetManager.cpp">
      <Filter>Source Files</Filter>
    </ClCompile>
    <ClCompile Include="camera.cpp">
      <Filter>Source Files</Filter>
    </ClCompile>
    <ClCompile Include="ComponentSerializer.cpp">
      <Filter>Source Files</Filter>
    </ClCompile>
    <ClCompile Include="consolePanel.cpp">
      <Filter>Source Files</Filter>
    </ClCompile>
    <ClCompile Include="editor.cpp">
      <Filter>Source Files</Filter>
    </ClCompile>
    <ClCompile Include="Framebuffer.cpp">
      <Filter>Source Files</Filter>
    </ClCompile>
    <ClCompile Include="hierarchyPanel.cpp">
      <Filter>Source Files</Filter>
    </ClCompile>
    <ClCompile Include="InputSystem.cpp">
      <Filter>Source Files</Filter>
    </ClCompile>
    <ClCompile Include="inspectorPanel.cpp">
      <Filter>Source Files</Filter>
    </ClCompile>
    <ClCompile Include="sceneViewPanel.cpp">
      <Filter>Source Files</Filter>
    </ClCompile>
    <ClCompile Include="material.cpp">
      <Filter>Source Files</Filter>
    </ClCompile>
    <ClCompile Include="transformcomponent.cpp">
      <Filter>Source Files</Filter>
    </ClCompile>
    <ClCompile Include="jsonmanager.cpp">
      <Filter>Source Files</Filter>
    </ClCompile>
    <ClCompile Include="GameObject.cpp">
      <Filter>Source Files</Filter>
    </ClCompile>
    <ClCompile Include="GameObjectFactory.cpp">
      <Filter>Source Files</Filter>
    </ClCompile>
    <ClCompile Include="ScriptComponent.cpp">
      <Filter>Source Files</Filter>
    </ClCompile>
    <ClCompile Include="ScriptingSystem.cpp">
      <Filter>Source Files</Filter>
    </ClCompile>
    <ClCompile Include="GlmLuaBindngs.cpp">
      <Filter>Source Files</Filter>
    </ClCompile>
    <ClCompile Include="GameObject.cpp">
      <Filter>Source Files</Filter>
    </ClCompile>
    <ClCompile Include="toolbar.cpp">
      <Filter>Source Files</Filter>
    </ClCompile>
    <ClCompile Include="transformcomponent.cpp">
      <Filter>Source Files</Filter>
    </ClCompile>
    <ClCompile Include="imgui\imgui.cpp">
      <Filter>Source Files\imgui</Filter>
    </ClCompile>
    <ClCompile Include="imgui\imgui_demo.cpp">
      <Filter>Source Files\imgui</Filter>
    </ClCompile>
    <ClCompile Include="imgui\imgui_draw.cpp">
      <Filter>Source Files\imgui</Filter>
    </ClCompile>
    <ClCompile Include="imgui\imgui_impl_glfw.cpp">
      <Filter>Source Files\imgui</Filter>
    </ClCompile>
    <ClCompile Include="imgui\imgui_impl_opengl3.cpp">
      <Filter>Source Files\imgui</Filter>
    </ClCompile>
    <ClCompile Include="imgui\imgui_tables.cpp">
      <Filter>Source Files\imgui</Filter>
    </ClCompile>
    <ClCompile Include="imgui\imgui_widgets.cpp">
      <Filter>Source Files\imgui</Filter>
    </ClCompile>
    <ClCompile Include="rendercomponent.cpp">
      <Filter>Source Files</Filter>
    </ClCompile>
    <ClCompile Include="BehaviorNode.cpp">
      <Filter>Source Files\BehaviorTree</Filter>
    </ClCompile>
    <ClCompile Include="BehaviorTree.cpp">
      <Filter>Source Files\BehaviorTree</Filter>
    </ClCompile>
    <ClCompile Include="BehaviorTreeSystem.cpp">
      <Filter>Source Files\BehaviorTree</Filter>
    </ClCompile>
    <ClCompile Include="SequencerNode.cpp">
      <Filter>Source Files\BehaviorTree</Filter>
    </ClCompile>
    <ClCompile Include="Audio.cpp">
      <Filter>Source Files</Filter>
    </ClCompile>
    <ClCompile Include="LeafScriptNode.cpp">
      <Filter>Source Files</Filter>
    </ClCompile>
    <ClCompile Include="BehaviorNode.cpp">
      <Filter>Source Files</Filter>
    </ClCompile>
    <ClCompile Include="SequencerNode.cpp">
      <Filter>Source Files</Filter>
    </ClCompile>
    <ClCompile Include="BehaviorTree.cpp">
      <Filter>Source Files</Filter>
    </ClCompile>
    <ClCompile Include="BehaviorTreeSystem.cpp">
      <Filter>Source Files</Filter>
    </ClCompile>
    <ClCompile Include="consoleMessage.cpp">
      <Filter>Source Files</Filter>
    </ClCompile>
    <ClCompile Include="imeManager.cpp">
      <Filter>Source Files</Filter>
    </ClCompile>
    <ClCompile Include="menuManager.cpp">
      <Filter>Source Files</Filter>
    </ClCompile>
    <ClCompile Include="menuCreator.cpp">
      <Filter>Source Files</Filter>
    </ClCompile>
    <ClCompile Include="settingsCreator.cpp">
      <Filter>Source Files</Filter>
    </ClCompile>
    <ClCompile Include="settingsManager.cpp">
      <Filter>Source Files</Filter>
    </ClCompile>
    <ClCompile Include="BehaviorTree.cpp">
      <Filter>Source Files</Filter>
    </ClCompile>
    <ClCompile Include="BehaviorTreeSystem.cpp">
      <Filter>Source Files</Filter>
    </ClCompile>
    <ClCompile Include="BehaviorNode.cpp">
      <Filter>Source Files</Filter>
    </ClCompile>
    <ClCompile Include="ParticleSystem.cpp">
      <Filter>Source Files</Filter>
    </ClCompile>
    <ClCompile Include="collider.cpp">
      <Filter>Source Files</Filter>
    </ClCompile>
    <ClCompile Include="collider_primitive.cpp">
      <Filter>Source Files</Filter>
    </ClCompile>
    <ClCompile Include="myphysicsdirector.cpp">
      <Filter>Source Files</Filter>
    </ClCompile>
    <ClCompile Include="prim_circle.cpp">
      <Filter>Source Files</Filter>
    </ClCompile>
    <ClCompile Include="prim_line.cpp">
      <Filter>Source Files</Filter>
    </ClCompile>
    <ClCompile Include="prim_sphere.cpp">
      <Filter>Source Files</Filter>
    </ClCompile>
    <ClCompile Include="State.cpp">
      <Filter>Source Files\GameStateManagement</Filter>
    </ClCompile>
    <ClCompile Include="StateStack.cpp">
      <Filter>Source Files\GameStateManagement</Filter>
    </ClCompile>
    <ClCompile Include="scene2d.cpp">
      <Filter>Source Files</Filter>
    </ClCompile>
  </ItemGroup>
  <ItemGroup>
    <ClInclude Include="ginkgopch.h">
      <Filter>Header Files</Filter>
    </ClInclude>
    <ClInclude Include="mesh.h">
      <Filter>Header Files</Filter>
    </ClInclude>
    <ClInclude Include="scene.h">
      <Filter>Header Files</Filter>
    </ClInclude>
    <ClInclude Include="shader.h">
      <Filter>Header Files</Filter>
    </ClInclude>
    <ClInclude Include="shape.h">
      <Filter>Header Files</Filter>
    </ClInclude>
    <ClInclude Include="window.h">
      <Filter>Header Files</Filter>
    </ClInclude>
    <ClInclude Include="material.h">
      <Filter>Header Files</Filter>
    </ClInclude>
    <ClInclude Include="AssetManager.h">
      <Filter>Header Files</Filter>
    </ClInclude>
    <ClInclude Include="ComponentSerializer.h">
      <Filter>Header Files</Filter>
    </ClInclude>
    <ClInclude Include="camera.h">
      <Filter>Header Files</Filter>
    </ClInclude>
    <ClInclude Include="consolePanel.h">
      <Filter>Header Files</Filter>
    </ClInclude>
    <ClInclude Include="editor.h">
      <Filter>Header Files</Filter>
    </ClInclude>
    <ClInclude Include="Framebuffer.h">
      <Filter>Header Files</Filter>
    </ClInclude>
    <ClInclude Include="hierarchyPanel.h">
      <Filter>Header Files</Filter>
    </ClInclude>
    <ClInclude Include="InputSystem.h">
      <Filter>Header Files</Filter>
    </ClInclude>
    <ClInclude Include="inspectorPanel.h">
      <Filter>Header Files</Filter>
    </ClInclude>
    <ClInclude Include="sceneViewPanel.h">
      <Filter>Header Files</Filter>
    </ClInclude>
    <ClInclude Include="toolbar.h">
      <Filter>Header Files</Filter>
    </ClInclude>
    <ClInclude Include="transformcomponent.h">
      <Filter>Header Files</Filter>
    </ClInclude>
    <ClInclude Include="imgui\imconfig.h">
      <Filter>Header Files</Filter>
    </ClInclude>
    <ClInclude Include="imgui\imgui.h">
      <Filter>Header Files\imgui</Filter>
    </ClInclude>
    <ClInclude Include="imgui\imgui_impl_glfw.h">
      <Filter>Header Files\imgui</Filter>
    </ClInclude>
    <ClInclude Include="imgui\imgui_impl_opengl3.h">
      <Filter>Header Files\imgui</Filter>
    </ClInclude>
    <ClInclude Include="imgui\imgui_impl_opengl3_loader.h">
      <Filter>Header Files\imgui</Filter>
    </ClInclude>
    <ClInclude Include="imgui\imgui_internal.h">
      <Filter>Header Files\imgui</Filter>
    </ClInclude>
    <ClInclude Include="imgui\imstb_rectpack.h">
      <Filter>Header Files\imgui</Filter>
    </ClInclude>
    <ClInclude Include="imgui\imstb_textedit.h">
      <Filter>Header Files\imgui</Filter>
    </ClInclude>
    <ClInclude Include="imgui\imstb_truetype.h">
      <Filter>Header Files\imgui</Filter>
    </ClInclude>
    <ClInclude Include="renderingconstants.h">
      <Filter>Header Files</Filter>
    </ClInclude>
    <ClInclude Include="GameObject.h">
      <Filter>Header Files</Filter>
    </ClInclude>
    <ClInclude Include="GameObject.h">
      <Filter>Header Files</Filter>
    </ClInclude>
    <ClInclude Include="GameObjectFactory.h">
      <Filter>Header Files</Filter>
    </ClInclude>
    <ClInclude Include="ScriptingSystem.h">
      <Filter>Header Files</Filter>
    </ClInclude>
    <ClInclude Include="ScriptComponent.h">
      <Filter>Header Files</Filter>
    </ClInclude>
    <ClInclude Include="jsonmanager.h">
      <Filter>Header Files</Filter>
    </ClInclude>
    <ClInclude Include="rendercomponent.h">
      <Filter>Header Files</Filter>
    </ClInclude>
    <ClInclude Include="GlmLuaBindings.h">
      <Filter>Header Files</Filter>
    </ClInclude>
    <ClInclude Include="BehaviorTree.h">
      <Filter>Header Files\BehaviorTree</Filter>
    </ClInclude>
    <ClInclude Include="BehaviorNode.h">
      <Filter>Header Files\BehaviorTree</Filter>
    </ClInclude>
    <ClInclude Include="Blackboard.h">
      <Filter>Header Files\BehaviorTree</Filter>
    </ClInclude>
    <ClInclude Include="RefWrapper.h">
      <Filter>Header Files</Filter>
    </ClInclude>
    <ClInclude Include="BehaviorTreeSystem.h">
      <Filter>Header Files\BehaviorTree</Filter>
    </ClInclude>
    <ClInclude Include="SequencerNode.h">
      <Filter>Header Files\BehaviorTree</Filter>
    </ClInclude>
    <ClInclude Include="GlmLuaBindings.h">
      <Filter>Header Files</Filter>
    </ClInclude>
    <ClInclude Include="Audio.h">
      <Filter>Header Files</Filter>
    </ClInclude>
    <ClInclude Include="LeafScriptNode.h">
      <Filter>Header Files</Filter>
    </ClInclude>
    <ClInclude Include="BehaviorNode.h">
      <Filter>Header Files</Filter>
    </ClInclude>
    <ClInclude Include="SequencerNode.h">
      <Filter>Header Files</Filter>
    </ClInclude>
    <ClInclude Include="BehaviorTree.h">
      <Filter>Header Files</Filter>
    </ClInclude>
    <ClInclude Include="consoleMessage.h">
      <Filter>Header Files</Filter>
    </ClInclude>
    <ClInclude Include="imeManager.h">
      <Filter>Header Files</Filter>
    </ClInclude>
    <ClInclude Include="menuManager.h">
      <Filter>Header Files</Filter>
    </ClInclude>
    <ClInclude Include="menuCreator.h">
      <Filter>Header Files</Filter>
    </ClInclude>
    <ClInclude Include="settingsCreator.h">
      <Filter>Header Files</Filter>
    </ClInclude>
    <ClInclude Include="settingsManager.h">
      <Filter>Header Files</Filter>
    </ClInclude>
    <ClInclude Include="settingsType.h">
      <Filter>Header Files</Filter>
    </ClInclude>
    <ClInclude Include="BehaviorNode.h">
      <Filter>Header Files</Filter>
    </ClInclude>
    <ClInclude Include="BehaviorTree.h">
      <Filter>Header Files</Filter>
    </ClInclude>
    <ClInclude Include="collider.h">
      <Filter>Header Files</Filter>
    </ClInclude>
    <ClInclude Include="collider_primitive.h">
      <Filter>Header Files</Filter>
    </ClInclude>
    <ClInclude Include="myphysicsdirector.h">
      <Filter>Header Files</Filter>
    </ClInclude>
    <ClInclude Include="prim_circle.h">
      <Filter>Header Files</Filter>
    </ClInclude>
    <ClInclude Include="prim_line.h">
      <Filter>Header Files</Filter>
    </ClInclude>
    <ClInclude Include="prim_sphere.h">
      <Filter>Header Files</Filter>
    </ClInclude>
    <ClInclude Include="ParticleSystem.h">
      <Filter>Header Files</Filter>
    </ClInclude>
    <ClInclude Include="State.h">
      <Filter>Header Files\GameStateManagement</Filter>
    </ClInclude>
    <ClInclude Include="StateStack.h">
      <Filter>Header Files\GameStateManagement</Filter>
    </ClInclude>
    <ClInclude Include="scene2d.h">
      <Filter>Header Files</Filter>
    </ClInclude>
    <ClInclude Include="ParticleSystem.h">
      <Filter>Header Files</Filter>
    </ClInclude>
  </ItemGroup>
  <ItemGroup>
    <None Include="shaders\cubemap.frag">
      <Filter>Resource Files</Filter>
    </None>
    <None Include="shaders\cubemap.vert">
      <Filter>Resource Files</Filter>
    </None>
    <None Include="ComponentSerializer.inl">
      <Filter>Header Files</Filter>
    </None>
    <None Include="jsonmanager.inl">
      <Filter>Header Files</Filter>
    </None>
    <None Include="shaders\basic.frag">
      <Filter>Resource Files</Filter>
    </None>
    <None Include="shaders\basic.vert">
      <Filter>Resource Files</Filter>
    </None>
    <None Include="ComponentSerializer.inl">
      <Filter>Source Files</Filter>
    </None>
    <None Include="Start.json">
      <Filter>Resource Files</Filter>
    </None>
    <None Include="shaders\brdf.frag">
      <Filter>Resource Files</Filter>
    </None>
    <None Include="shaders\brdf.vert">
      <Filter>Resource Files</Filter>
    </None>
    <None Include="shaders\gbuffer.frag">
      <Filter>Resource Files</Filter>
    </None>
    <None Include="shaders\gbuffer.vert">
      <Filter>Resource Files</Filter>
    </None>
    <None Include="Write.json">
      <Filter>Resource Files</Filter>
    </None>
    <None Include="scripts\Leaf_MoveToTarget.lua">
      <Filter>Resource Files</Filter>
    </None>
    <None Include="scripts\Leaf_PlaySound.lua">
      <Filter>Resource Files</Filter>
    </None>
    <None Include="menu.json">
      <Filter>Resource Files</Filter>
    </None>
    <None Include="settings_game.json">
      <Filter>Resource Files</Filter>
    </None>
    <None Include="settings_config.json">
      <Filter>Resource Files</Filter>
    </None>
    <None Include="shaders\shadow.frag">
      <Filter>Resource Files</Filter>
    </None>
    <None Include="shaders\shadow.vert">
      <Filter>Resource Files</Filter>
    </None>
    <None Include="shaders\shadowdebug.frag">
      <Filter>Resource Files</Filter>
    </None>
    <None Include="shaders\shadowdebug.vert">
      <Filter>Resource Files</Filter>
    </None>
    <None Include="shaders\debug.frag" />
    <None Include="shaders\debug.vert" />
    <None Include="shaders\deferredbrdf.frag" />
    <None Include="shaders\deferredbrdf.vert" />
    <None Include="shaders\deferredskybox.frag" />
    <None Include="shaders\deferredskybox.vert" />
    <None Include="shaders\particleRender.frag" />
    <None Include="shaders\particleRender.vert" />
    <None Include="shaders\particleRenderBasic3D.frag" />
    <None Include="shaders\particleRenderBasic3D.vert" />
    <None Include="shaders\psystemupdate.frag" />
    <None Include="shaders\psystemupdate.vert" />
    <None Include="shaders\psystemupdate3Ddefault.frag" />
    <None Include="shaders\psystemupdate3Ddefault.vert" />
    <None Include="shaders\psystemupdate3DdefaultFlowField.vert" />
    <None Include="shaders\multisample.frag" />
    <None Include="shaders\multisample.vert" />
    <None Include="shaders\singlesample.frag" />
    <None Include="shaders\singlesample.vert" />
    <None Include="shaders\stencil.frag" />
    <None Include="shaders\stencil.vert" />
    <None Include="scripts\firstscene.lua">
      <Filter>Resource Files</Filter>
    </None>
    <None Include="scripts\event_manager.lua">
      <Filter>Resource Files</Filter>
    </None>
    <None Include="scripts\collision_event.lua">
      <Filter>Resource Files</Filter>
    </None>
    <None Include="scripts\TriggerSystem.lua">
      <Filter>Resource Files</Filter>
    </None>
    <None Include="scripts\GameState.lua">
      <Filter>Resource Files</Filter>
    </None>
    <None Include="scripts\TitleState.lua">
      <Filter>Resource Files</Filter>
    </None>
  </ItemGroup>
</Project>